<Solution>
  <Project Path="Sumapap.Common.Tests/Sumapap.Common.Tests.csproj" />
  <Project Path="Sumapap.Ddd.Tests/Sumapap.Ddd.Tests.csproj" />
  <Project Path="Sumapap.DependencyInjection.Tests/Sumapap.DependencyInjection.Tests.csproj" />
  <Project Path="Sumapap.Queries.Tests/Sumapap.Queries.Tests.csproj" />
</Solution>
