<Solution>
  <Project Path="D:/_dev/projects/sumapap/src/Sumapap.Ddd.Dispatcher/Sumapap.Ddd.Dispatcher.csproj" Id="e88bce95-a3a1-4bc1-8656-5545bfc2748f" />
  <Project Path="D:/_dev/projects/sumapap/src/Sumapap.Ddd.Mediator/Sumapap.Ddd.Mediator.csproj" Id="38da446b-fa53-4c51-8bc8-daa619399d1c" />
  <Project Path="D:/_dev/projects/sumapap/src/Sumapap.Ddd/Sumapap.Ddd.csproj" Id="17579796-fdad-4781-ae9c-e4e852a190d1" />
  <Project Path="D:/_dev/projects/sumapap/src/Sumapap.Persistence.EfCore/Sumapap.Persistence.EfCore.csproj" />
  <Project Path="D:/_dev/projects/sumapap/src/Sumapap.Queries.Execution/Sumapap.Queries.Execution.csproj" />
  <Project Path="D:/_dev/projects/sumapap/src/Sumapap.Queries/Sumapap.Queries.csproj" />
  <Project Path="Sumapap.Caching/Sumapap.Caching.csproj" Id="193922d1-6773-4753-b740-4e569aa78c9f" />
  <Project Path="Sumapap.DependencyInjection/Sumapap.DependencyInjection.csproj" />
  <Project Path="Sumapap.Persistence.Abstractions/Sumapap.Persistence.Abstractions.csproj" />
  <Project Path="Sumapap.Persistence.Caching/Sumapap.Persistence.Caching.csproj" />
  <Project Path="Sumapap.Persistence/Sumapap.Persistence.csproj" />
</Solution>
