<Solution>
  <Project Path="Sumapap.Caching/Sumapap.Caching.csproj" Id="193922d1-6773-4753-b740-4e569aa78c9f" />
  <Project Path="Sumapap.Common/Sumapap.Common.csproj" Id="298652f2-5cda-4205-a2aa-f02552829cad" />
  <Project Path="Sumapap.Ddd.Abstractions/Sumapap.Ddd.Abstractions.csproj" />
  <Project Path="Sumapap.Ddd.Mediator/Sumapap.Ddd.Mediator.csproj" Id="38da446b-fa53-4c51-8bc8-daa619399d1c" />
  <Project Path="Sumapap.Ddd/Sumapap.Ddd.csproj" />
  <Project Path="Sumapap.DependencyInjection/Sumapap.DependencyInjection.csproj" />
  <Project Path="Sumapap.Mvvm.Maui.SourceGenerator/Sumapap.Mvvm.Maui.SourceGenerator.csproj" Id="7fea2054-c9cf-495a-b9f7-e5c6896f6ec1" />
  <Project Path="Sumapap.Mvvm.Maui/Sumapap.Mvvm.Maui.csproj" Id="523b05a3-828a-4db7-b3f8-d0e435ab1d53" />
  <Project Path="Sumapap.Mvvm/Sumapap.Mvvm.csproj" Id="48838ff9-50e6-4a9f-b621-c2406346a75d" />
  <Project Path="Sumapap.Navigations.Maui/Sumapap.Navigations.Maui.csproj" Id="73b76409-bb1a-4d05-991b-0f1984376e56">
    <Build Solution="Debug|*" Project="false" />
  </Project>
  <Project Path="Sumapap.Navigations/Sumapap.Navigations.csproj" Id="16d14765-f967-4d67-b16a-603285a6f7ed" />
  <Project Path="Sumapap.Persistence.Abstractions/Sumapap.Persistence.Abstractions.csproj" />
  <Project Path="Sumapap.Persistence.Caching.FusionCache/Sumapap.Persistence.Caching.FusionCache.csproj" Id="659e56f2-92f4-4de9-a787-15727182a3f3" />
  <Project Path="Sumapap.Persistence.Caching/Sumapap.Persistence.Caching.csproj" />
  <Project Path="Sumapap.Persistence.EfCore/Sumapap.Persistence.EfCore.csproj" />
  <Project Path="Sumapap.Persistence/Sumapap.Persistence.csproj" />
  <Project Path="Sumapap.Queries.Abstractions/Sumapap.Queries.Abstractions.csproj" Id="f7ddc5e2-f06a-463e-a92d-576e61297189" />
  <Project Path="Sumapap.Queries/Sumapap.Queries.csproj" />
  <Project Path="Sumapap.Reporting.Maui/Sumapap.Reporting.Maui.csproj" Id="b79b4892-3883-4697-a284-8cc05c66c59a" />
  <Project Path="Sumapap.Reporting/Sumapap.Reporting.csproj" Id="c5399c7b-f113-4c44-94bb-622d3097358f" />
</Solution>
