<Solution>
  <Project Path="Sumapap.Caching/Sumapap.Caching.csproj" Id="193922d1-6773-4753-b740-4e569aa78c9f" />
  <Project Path="Sumapap.Common/Sumapap.Common.csproj" Id="298652f2-5cda-4205-a2aa-f02552829cad" />
  <Project Path="Sumapap.Ddd.Abstractions/Sumapap.Ddd.Abstractions.csproj" />
  <Project Path="Sumapap.Ddd.Mediator/Sumapap.Ddd.Mediator.csproj" Id="38da446b-fa53-4c51-8bc8-daa619399d1c" />
  <Project Path="Sumapap.Ddd/Sumapap.Ddd.csproj" />
  <Project Path="Sumapap.DependencyInjection/Sumapap.DependencyInjection.csproj" />
  <Project Path="Sumapap.Persistence.Abstractions/Sumapap.Persistence.Abstractions.csproj" />
  <Project Path="Sumapap.Persistence.Caching.FusionCache/Sumapap.Persistence.Caching.FusionCache.csproj" Id="659e56f2-92f4-4de9-a787-15727182a3f3" />
  <Project Path="Sumapap.Persistence.Caching/Sumapap.Persistence.Caching.csproj" />
  <Project Path="Sumapap.Persistence.EfCore/Sumapap.Persistence.EfCore.csproj" />
  <Project Path="Sumapap.Persistence/Sumapap.Persistence.csproj" />
  <Project Path="Sumapap.Queries.Abstractions/Sumapap.Queries.Abstractions.csproj" Id="f7ddc5e2-f06a-463e-a92d-576e61297189" />
  <Project Path="Sumapap.Queries/Sumapap.Queries.csproj" />
  <Project Path="Sumapap.Reporting.Logging/Sumapap.Reporting.Logging.csproj" Id="12b1ff65-3e6b-429f-b86c-47767d8849d5" />
  <Project Path="Sumapap.Reporting/Sumapap.Reporting.csproj" Id="c5399c7b-f113-4c44-94bb-622d3097358f" />
</Solution>
